
Microsoft Visual Studio Solution File, Format Version 12.00
# Visual Studio 14
VisualStudioVersion = 14.0.25420.1
MinimumVisualStudioVersion = 10.0.40219.1
Project("{E24C65DC-7377-472B-9ABA-BC803B73C61A}") = "TestIPG", "TestIPG\", "{4E14B34C-2EC8-40A5-8B98-A82118D4C19E}"
	ProjectSection(WebsiteProperties) = preProject
		TargetFrameworkMoniker = ".NETFramework,Version%3Dv4.5.2"
		Debug.AspNetCompiler.VirtualPath = "/localhost_7457"
		Debug.AspNetCompiler.PhysicalPath = "TestIPG\"
		Debug.AspNetCompiler.TargetPath = "PrecompiledWeb\localhost_7457\"
		Debug.AspNetCompiler.Updateable = "true"
		Debug.AspNetCompiler.ForceOverwrite = "true"
		Debug.AspNetCompiler.FixedNames = "false"
		Debug.AspNetCompiler.Debug = "True"
		Release.AspNetCompiler.VirtualPath = "/localhost_7457"
		Release.AspNetCompiler.PhysicalPath = "TestIPG\"
		Release.AspNetCompiler.TargetPath = "PrecompiledWeb\localhost_7457\"
		Release.AspNetCompiler.Updateable = "true"
		Release.AspNetCompiler.ForceOverwrite = "true"
		Release.AspNetCompiler.FixedNames = "false"
		Release.AspNetCompiler.Debug = "False"
		VWDPort = "7457"
		SlnRelativePath = "TestIPG\"
		DefaultWebSiteLanguage = "Visual C#"
	EndProjectSection
EndProject
Global
	GlobalSection(SolutionConfigurationPlatforms) = preSolution
		Debug|Any CPU = Debug|Any CPU
	EndGlobalSection
	GlobalSection(ProjectConfigurationPlatforms) = postSolution
		{4E14B34C-2EC8-40A5-8B98-A82118D4C19E}.Debug|Any CPU.ActiveCfg = Debug|Any CPU
		{4E14B34C-2EC8-40A5-8B98-A82118D4C19E}.Debug|Any CPU.Build.0 = Debug|Any CPU
	EndGlobalSection
	GlobalSection(SolutionProperties) = preSolution
		HideSolutionNode = FALSE
	EndGlobalSection
EndGlobal
